
Microsoft Visual Studio Solution File, Format Version 12.00
# Visual Studio 15
VisualStudioVersion = 15.0.26124.0
MinimumVisualStudioVersion = 15.0.26124.0
Project("{9A19103F-16F7-4668-BE54-9A1E7A4F7556}") = "CLMS.Users", "CLMS.Users\CLMS.Users.csproj", "{1A10B11A-66EC-4C99-B1E4-984C2ED92B05}"
EndProject
Project("{9A19103F-16F7-4668-BE54-9A1E7A4F7556}") = "CLMS.Users.Domain", "CLMS.Users.Domain\CLMS.Users.Domain.csproj", "{5EC96471-F723-4CC3-96A3-1FC43B9476A1}"
EndProject
Project("{9A19103F-16F7-4668-BE54-9A1E7A4F7556}") = "CLMS.Users.Business", "CLMS.Users.Business\CLMS.Users.Business.csproj", "{A9A4942E-63BE-4649-936B-4327352260DF}"
EndProject
Project("{9A19103F-16F7-4668-BE54-9A1E7A4F7556}") = "CLMS.Users.Persistance", "CLMS.Users.Persistance\CLMS.Users.Persistance.csproj", "{E80F9A88-70C4-439D-BDC7-289B193E6365}"
EndProject
Project("{2150E333-8FDC-42A3-9474-1A3956D46DE8}") = "01 - Presenatation", "01 - Presenatation", "{5BEF9CBF-3282-4ADC-BFC5-233FEE37276D}"
EndProject
Project("{2150E333-8FDC-42A3-9474-1A3956D46DE8}") = "02 - Infrastructure", "02 - Infrastructure", "{981F9CD3-B2AF-49BB-91A8-7DE96F7EE1AD}"
EndProject
Project("{2150E333-8FDC-42A3-9474-1A3956D46DE8}") = "03 - Core", "03 - Core", "{DC8FE6FE-FCD3-4561-AD05-816A8B75524A}"
EndProject
Project("{2150E333-8FDC-42A3-9474-1A3956D46DE8}") = "99 - Tests", "99 - Tests", "{296472DB-7A94-4FB0-81B1-E584D38B7EAF}"
EndProject
Project("{2150E333-8FDC-42A3-9474-1A3956D46DE8}") = "98 - CrossCuttingConcerns", "98 - CrossCuttingConcerns", "{1BD2702A-9953-4037-911B-5EA87B83EEBD}"
EndProject
Project("{FAE04EC0-301F-11D3-BF4B-00C04F79EFBC}") = "CLMS.Users.CrossCuttingConcerns", "CLMS.Users.CrossCuttingConcerns\CLMS.Users.CrossCuttingConcerns.csproj", "{14295B22-FB91-43B1-BE98-437993EBAD87}"
EndProject
Global
	GlobalSection(SolutionConfigurationPlatforms) = preSolution
		Debug|Any CPU = Debug|Any CPU
		Debug|x64 = Debug|x64
		Debug|x86 = Debug|x86
		Release|Any CPU = Release|Any CPU
		Release|x64 = Release|x64
		Release|x86 = Release|x86
	EndGlobalSection
	GlobalSection(ProjectConfigurationPlatforms) = postSolution
		{1A10B11A-66EC-4C99-B1E4-984C2ED92B05}.Debug|Any CPU.ActiveCfg = Debug|Any CPU
		{1A10B11A-66EC-4C99-B1E4-984C2ED92B05}.Debug|Any CPU.Build.0 = Debug|Any CPU
		{1A10B11A-66EC-4C99-B1E4-984C2ED92B05}.Debug|x64.ActiveCfg = Debug|Any CPU
		{1A10B11A-66EC-4C99-B1E4-984C2ED92B05}.Debug|x64.Build.0 = Debug|Any CPU
		{1A10B11A-66EC-4C99-B1E4-984C2ED92B05}.Debug|x86.ActiveCfg = Debug|Any CPU
		{1A10B11A-66EC-4C99-B1E4-984C2ED92B05}.Debug|x86.Build.0 = Debug|Any CPU
		{1A10B11A-66EC-4C99-B1E4-984C2ED92B05}.Release|Any CPU.ActiveCfg = Release|Any CPU
		{1A10B11A-66EC-4C99-B1E4-984C2ED92B05}.Release|Any CPU.Build.0 = Release|Any CPU
		{1A10B11A-66EC-4C99-B1E4-984C2ED92B05}.Release|x64.ActiveCfg = Release|Any CPU
		{1A10B11A-66EC-4C99-B1E4-984C2ED92B05}.Release|x64.Build.0 = Release|Any CPU
		{1A10B11A-66EC-4C99-B1E4-984C2ED92B05}.Release|x86.ActiveCfg = Release|Any CPU
		{1A10B11A-66EC-4C99-B1E4-984C2ED92B05}.Release|x86.Build.0 = Release|Any CPU
		{5EC96471-F723-4CC3-96A3-1FC43B9476A1}.Debug|Any CPU.ActiveCfg = Debug|Any CPU
		{5EC96471-F723-4CC3-96A3-1FC43B9476A1}.Debug|Any CPU.Build.0 = Debug|Any CPU
		{5EC96471-F723-4CC3-96A3-1FC43B9476A1}.Debug|x64.ActiveCfg = Debug|Any CPU
		{5EC96471-F723-4CC3-96A3-1FC43B9476A1}.Debug|x64.Build.0 = Debug|Any CPU
		{5EC96471-F723-4CC3-96A3-1FC43B9476A1}.Debug|x86.ActiveCfg = Debug|Any CPU
		{5EC96471-F723-4CC3-96A3-1FC43B9476A1}.Debug|x86.Build.0 = Debug|Any CPU
		{5EC96471-F723-4CC3-96A3-1FC43B9476A1}.Release|Any CPU.ActiveCfg = Release|Any CPU
		{5EC96471-F723-4CC3-96A3-1FC43B9476A1}.Release|Any CPU.Build.0 = Release|Any CPU
		{5EC96471-F723-4CC3-96A3-1FC43B9476A1}.Release|x64.ActiveCfg = Release|Any CPU
		{5EC96471-F723-4CC3-96A3-1FC43B9476A1}.Release|x64.Build.0 = Release|Any CPU
		{5EC96471-F723-4CC3-96A3-1FC43B9476A1}.Release|x86.ActiveCfg = Release|Any CPU
		{5EC96471-F723-4CC3-96A3-1FC43B9476A1}.Release|x86.Build.0 = Release|Any CPU
		{A9A4942E-63BE-4649-936B-4327352260DF}.Debug|Any CPU.ActiveCfg = Debug|Any CPU
		{A9A4942E-63BE-4649-936B-4327352260DF}.Debug|Any CPU.Build.0 = Debug|Any CPU
		{A9A4942E-63BE-4649-936B-4327352260DF}.Debug|x64.ActiveCfg = Debug|Any CPU
		{A9A4942E-63BE-4649-936B-4327352260DF}.Debug|x64.Build.0 = Debug|Any CPU
		{A9A4942E-63BE-4649-936B-4327352260DF}.Debug|x86.ActiveCfg = Debug|Any CPU
		{A9A4942E-63BE-4649-936B-4327352260DF}.Debug|x86.Build.0 = Debug|Any CPU
		{A9A4942E-63BE-4649-936B-4327352260DF}.Release|Any CPU.ActiveCfg = Release|Any CPU
		{A9A4942E-63BE-4649-936B-4327352260DF}.Release|Any CPU.Build.0 = Release|Any CPU
		{A9A4942E-63BE-4649-936B-4327352260DF}.Release|x64.ActiveCfg = Release|Any CPU
		{A9A4942E-63BE-4649-936B-4327352260DF}.Release|x64.Build.0 = Release|Any CPU
		{A9A4942E-63BE-4649-936B-4327352260DF}.Release|x86.ActiveCfg = Release|Any CPU
		{A9A4942E-63BE-4649-936B-4327352260DF}.Release|x86.Build.0 = Release|Any CPU
		{E80F9A88-70C4-439D-BDC7-289B193E6365}.Debug|Any CPU.ActiveCfg = Debug|Any CPU
		{E80F9A88-70C4-439D-BDC7-289B193E6365}.Debug|Any CPU.Build.0 = Debug|Any CPU
		{E80F9A88-70C4-439D-BDC7-289B193E6365}.Debug|x64.ActiveCfg = Debug|Any CPU
		{E80F9A88-70C4-439D-BDC7-289B193E6365}.Debug|x64.Build.0 = Debug|Any CPU
		{E80F9A88-70C4-439D-BDC7-289B193E6365}.Debug|x86.ActiveCfg = Debug|Any CPU
		{E80F9A88-70C4-439D-BDC7-289B193E6365}.Debug|x86.Build.0 = Debug|Any CPU
		{E80F9A88-70C4-439D-BDC7-289B193E6365}.Release|Any CPU.ActiveCfg = Release|Any CPU
		{E80F9A88-70C4-439D-BDC7-289B193E6365}.Release|Any CPU.Build.0 = Release|Any CPU
		{E80F9A88-70C4-439D-BDC7-289B193E6365}.Release|x64.ActiveCfg = Release|Any CPU
		{E80F9A88-70C4-439D-BDC7-289B193E6365}.Release|x64.Build.0 = Release|Any CPU
		{E80F9A88-70C4-439D-BDC7-289B193E6365}.Release|x86.ActiveCfg = Release|Any CPU
		{E80F9A88-70C4-439D-BDC7-289B193E6365}.Release|x86.Build.0 = Release|Any CPU
		{14295B22-FB91-43B1-BE98-437993EBAD87}.Debug|Any CPU.ActiveCfg = Debug|Any CPU
		{14295B22-FB91-43B1-BE98-437993EBAD87}.Debug|Any CPU.Build.0 = Debug|Any CPU
		{14295B22-FB91-43B1-BE98-437993EBAD87}.Debug|x64.ActiveCfg = Debug|Any CPU
		{14295B22-FB91-43B1-BE98-437993EBAD87}.Debug|x64.Build.0 = Debug|Any CPU
		{14295B22-FB91-43B1-BE98-437993EBAD87}.Debug|x86.ActiveCfg = Debug|Any CPU
		{14295B22-FB91-43B1-BE98-437993EBAD87}.Debug|x86.Build.0 = Debug|Any CPU
		{14295B22-FB91-43B1-BE98-437993EBAD87}.Release|Any CPU.ActiveCfg = Release|Any CPU
		{14295B22-FB91-43B1-BE98-437993EBAD87}.Release|Any CPU.Build.0 = Release|Any CPU
		{14295B22-FB91-43B1-BE98-437993EBAD87}.Release|x64.ActiveCfg = Release|Any CPU
		{14295B22-FB91-43B1-BE98-437993EBAD87}.Release|x64.Build.0 = Release|Any CPU
		{14295B22-FB91-43B1-BE98-437993EBAD87}.Release|x86.ActiveCfg = Release|Any CPU
		{14295B22-FB91-43B1-BE98-437993EBAD87}.Release|x86.Build.0 = Release|Any CPU
	EndGlobalSection
	GlobalSection(SolutionProperties) = preSolution
		HideSolutionNode = FALSE
	EndGlobalSection
	GlobalSection(NestedProjects) = preSolution
		{1A10B11A-66EC-4C99-B1E4-984C2ED92B05} = {5BEF9CBF-3282-4ADC-BFC5-233FEE37276D}
		{5EC96471-F723-4CC3-96A3-1FC43B9476A1} = {DC8FE6FE-FCD3-4561-AD05-816A8B75524A}
		{A9A4942E-63BE-4649-936B-4327352260DF} = {DC8FE6FE-FCD3-4561-AD05-816A8B75524A}
		{E80F9A88-70C4-439D-BDC7-289B193E6365} = {981F9CD3-B2AF-49BB-91A8-7DE96F7EE1AD}
		{14295B22-FB91-43B1-BE98-437993EBAD87} = {1BD2702A-9953-4037-911B-5EA87B83EEBD}
	EndGlobalSection
	GlobalSection(ExtensibilityGlobals) = postSolution
		SolutionGuid = {48F3605B-3A16-4247-A8BB-078E67DE5701}
	EndGlobalSection
EndGlobal
