
Microsoft Visual Studio Solution File, Format Version 12.00
# Visual Studio 15
VisualStudioVersion = 15.0.28307.136
MinimumVisualStudioVersion = 10.0.40219.1
Project("{FAE04EC0-301F-11D3-BF4B-00C04F79EFBC}") = "CLMS.Kernel", "CLMS.Kernel\CLMS.Kernel.csproj", "{96D3FE28-1259-464C-B162-8A889DC51B56}"
EndProject
Global
	GlobalSection(SolutionConfigurationPlatforms) = preSolution
		Debug|Any CPU = Debug|Any CPU
		Release|Any CPU = Release|Any CPU
	EndGlobalSection
	GlobalSection(ProjectConfigurationPlatforms) = postSolution
		{96D3FE28-1259-464C-B162-8A889DC51B56}.Debug|Any CPU.ActiveCfg = Debug|Any CPU
		{96D3FE28-1259-464C-B162-8A889DC51B56}.Debug|Any CPU.Build.0 = Debug|Any CPU
		{96D3FE28-1259-464C-B162-8A889DC51B56}.Release|Any CPU.ActiveCfg = Release|Any CPU
		{96D3FE28-1259-464C-B162-8A889DC51B56}.Release|Any CPU.Build.0 = Release|Any CPU
	EndGlobalSection
	GlobalSection(SolutionProperties) = preSolution
		HideSolutionNode = FALSE
	EndGlobalSection
	GlobalSection(ExtensibilityGlobals) = postSolution
		SolutionGuid = {BCDC7030-5A2D-4F06-BA58-9BA2C3131C81}
	EndGlobalSection
EndGlobal
